
Microsoft Visual Studio Solution File, Format Version 12.00
# Visual Studio 2013
VisualStudioVersion = 12.0.21005.1
MinimumVisualStudioVersion = 10.0.40219.1
Project("{FAE04EC0-301F-11D3-BF4B-00C04F79EFBC}") = "HighlightedTextBlock.Control", "HighlightedTextBlock.Control\HighlightedTextBlock.Control.csproj", "{3999186A-D892-4D5D-AE40-8B73D65FB3FE}"
EndProject
Project("{FAE04EC0-301F-11D3-BF4B-00C04F79EFBC}") = "HighlightedTextBlock.Test", "HighlightedTextBlock.Test\HighlightedTextBlock.Test.csproj", "{7800ACAD-80FA-4E1D-93C2-7823129CF230}"
EndProject
Global
	GlobalSection(SolutionConfigurationPlatforms) = preSolution
		Debug|Any CPU = Debug|Any CPU
		Debug|ARM = Debug|ARM
		Debug|x86 = Debug|x86
		Release|Any CPU = Release|Any CPU
		Release|ARM = Release|ARM
		Release|x86 = Release|x86
	EndGlobalSection
	GlobalSection(ProjectConfigurationPlatforms) = postSolution
		{3999186A-D892-4D5D-AE40-8B73D65FB3FE}.Debug|Any CPU.ActiveCfg = Debug|Any CPU
		{3999186A-D892-4D5D-AE40-8B73D65FB3FE}.Debug|Any CPU.Build.0 = Debug|Any CPU
		{3999186A-D892-4D5D-AE40-8B73D65FB3FE}.Debug|ARM.ActiveCfg = Debug|ARM
		{3999186A-D892-4D5D-AE40-8B73D65FB3FE}.Debug|ARM.Build.0 = Debug|ARM
		{3999186A-D892-4D5D-AE40-8B73D65FB3FE}.Debug|x86.ActiveCfg = Debug|x86
		{3999186A-D892-4D5D-AE40-8B73D65FB3FE}.Debug|x86.Build.0 = Debug|x86
		{3999186A-D892-4D5D-AE40-8B73D65FB3FE}.Release|Any CPU.ActiveCfg = Release|Any CPU
		{3999186A-D892-4D5D-AE40-8B73D65FB3FE}.Release|Any CPU.Build.0 = Release|Any CPU
		{3999186A-D892-4D5D-AE40-8B73D65FB3FE}.Release|ARM.ActiveCfg = Release|ARM
		{3999186A-D892-4D5D-AE40-8B73D65FB3FE}.Release|ARM.Build.0 = Release|ARM
		{3999186A-D892-4D5D-AE40-8B73D65FB3FE}.Release|x86.ActiveCfg = Release|x86
		{3999186A-D892-4D5D-AE40-8B73D65FB3FE}.Release|x86.Build.0 = Release|x86
		{7800ACAD-80FA-4E1D-93C2-7823129CF230}.Debug|Any CPU.ActiveCfg = Debug|Any CPU
		{7800ACAD-80FA-4E1D-93C2-7823129CF230}.Debug|Any CPU.Build.0 = Debug|Any CPU
		{7800ACAD-80FA-4E1D-93C2-7823129CF230}.Debug|Any CPU.Deploy.0 = Debug|Any CPU
		{7800ACAD-80FA-4E1D-93C2-7823129CF230}.Debug|ARM.ActiveCfg = Debug|ARM
		{7800ACAD-80FA-4E1D-93C2-7823129CF230}.Debug|ARM.Build.0 = Debug|ARM
		{7800ACAD-80FA-4E1D-93C2-7823129CF230}.Debug|ARM.Deploy.0 = Debug|ARM
		{7800ACAD-80FA-4E1D-93C2-7823129CF230}.Debug|x86.ActiveCfg = Debug|x86
		{7800ACAD-80FA-4E1D-93C2-7823129CF230}.Debug|x86.Build.0 = Debug|x86
		{7800ACAD-80FA-4E1D-93C2-7823129CF230}.Debug|x86.Deploy.0 = Debug|x86
		{7800ACAD-80FA-4E1D-93C2-7823129CF230}.Release|Any CPU.ActiveCfg = Release|Any CPU
		{7800ACAD-80FA-4E1D-93C2-7823129CF230}.Release|Any CPU.Build.0 = Release|Any CPU
		{7800ACAD-80FA-4E1D-93C2-7823129CF230}.Release|Any CPU.Deploy.0 = Release|Any CPU
		{7800ACAD-80FA-4E1D-93C2-7823129CF230}.Release|ARM.ActiveCfg = Release|ARM
		{7800ACAD-80FA-4E1D-93C2-7823129CF230}.Release|ARM.Build.0 = Release|ARM
		{7800ACAD-80FA-4E1D-93C2-7823129CF230}.Release|ARM.Deploy.0 = Release|ARM
		{7800ACAD-80FA-4E1D-93C2-7823129CF230}.Release|x86.ActiveCfg = Release|x86
		{7800ACAD-80FA-4E1D-93C2-7823129CF230}.Release|x86.Build.0 = Release|x86
		{7800ACAD-80FA-4E1D-93C2-7823129CF230}.Release|x86.Deploy.0 = Release|x86
	EndGlobalSection
	GlobalSection(SolutionProperties) = preSolution
		HideSolutionNode = FALSE
	EndGlobalSection
EndGlobal
